github.com/areon546/go-helpers v0.0.0-20250224183828-02568d242d34 h1:BXF4NcD6px9oxay2yCrVPRAgOB3xy61+wehigyqGpPo=
github.com/areon546/go-helpers v0.0.0-20250224183828-02568d242d34/go.mod h1:pN+CQkoKXPG5/CV6P19/T3T9xcsKCtdj38zabkFuspA=
github.com/areon546/go-helpers v0.0.0-20250224192320-8f603b8e366f h1:ZF7tnma+kJq74yuxKqWWibVmQ74trnDa3QEEziWrWWA=
github.com/areon546/go-helpers v0.0.0-20250224192320-8f603b8e366f/go.mod h1:pN+CQkoKXPG5/CV6P19/T3T9xcsKCtdj38zabkFuspA=
