github.com/areon546/go-ds v0.0.0-20250916095538-f46f7b848a25 h1:PHFReYO1K97zsxynMFbH3iEFeWNMrEXBHozjXkqkQTc=
github.com/areon546/go-ds v0.0.0-20250916095538-f46f7b848a25/go.mod h1:epg6iW5NlvENNzdm3C3zGcbka5e/rmsjaOf3x4sjSfY=
github.com/areon546/go-ds v0.0.0-20250917144558-70e2cd67cd8d h1:GDbUY1iHIWL9pBI180t58J2y02H+KzbHrD4oO5AokW0=
github.com/areon546/go-ds v0.0.0-20250917144558-70e2cd67cd8d/go.mod h1:epg6iW5NlvENNzdm3C3zGcbka5e/rmsjaOf3x4sjSfY=
github.com/areon546/go-helpers v0.0.0-20250820120313-8a98e4eca6e5 h1:djA5yPn2QbiY/GLFkq+HPql6oFFFHbWnZe4Ys7Um25c=
github.com/areon546/go-helpers v0.0.0-20250820120313-8a98e4eca6e5/go.mod h1:pN+CQkoKXPG5/CV6P19/T3T9xcsKCtdj38zabkFuspA=
github.com/areon546/go-helpers/helpers v0.0.0-20250224183828-02568d242d34 h1:OuZ0ONgMeCpJsZb/bwcHcKD815IRnrfQz3qDUmwr9uk=
github.com/areon546/go-helpers/helpers v0.0.0-20250224183828-02568d242d34/go.mod h1:gI6Ckz5/vP+y2zJVQG8d4Ujoh+m48Z5NfTrhprF3agE=
github.com/areon546/go-helpers/helpers v0.0.0-20250523203919-096b7fa5dd64 h1:I0ciJzP9w7YX4NOeLD2r222veNRc/8ndXF7PUVN0uTc=
github.com/areon546/go-helpers/helpers v0.0.0-20250523203919-096b7fa5dd64/go.mod h1:gI6Ckz5/vP+y2zJVQG8d4Ujoh+m48Z5NfTrhprF3agE=
github.com/areon546/go-helpers/helpers v0.0.0-20250720104219-4891a82954ff h1:y2YYh3HCI8RVXm06aT3/B0Kh42uPn+XuU4FdevfRIio=
github.com/areon546/go-helpers/helpers v0.0.0-20250720104219-4891a82954ff/go.mod h1:gI6Ckz5/vP+y2zJVQG8d4Ujoh+m48Z5NfTrhprF3agE=
github.com/areon546/go-helpers/helpers v0.0.0-20250725224349-3881283c15e3 h1:Omv1ZAPP2wHtP4SJfGgWK6+giRkLvzBCtrF9rMPz2vc=
github.com/areon546/go-helpers/helpers v0.0.0-20250725224349-3881283c15e3/go.mod h1:gI6Ckz5/vP+y2zJVQG8d4Ujoh+m48Z5NfTrhprF3agE=
github.com/mattn/go-sqlite3 v1.14.32 h1:JD12Ag3oLy1zQA+BNn74xRgaBbdhbNIDYvQUEuuErjs=
github.com/mattn/go-sqlite3 v1.14.32/go.mod h1:Uh1q+B4BYcTPb+yiD3kU8Ct7aC0hY9fxUwlHK0RXw+Y=
